
Microsoft Visual Studio Solution File, Format Version 12.00
# Visual Studio Version 16
VisualStudioVersion = 16.0.31702.278
MinimumVisualStudioVersion = 10.0.40219.1
Project("{FAE04EC0-301F-11D3-BF4B-00C04F79EFBC}") = "Calculette", "Calculette\Calculette.csproj", "{FB585171-5160-406C-BAF1-FF268DF7725A}"
EndProject
Global
	GlobalSection(SolutionConfigurationPlatforms) = preSolution
		Debug|Any CPU = Debug|Any CPU
		Release|Any CPU = Release|Any CPU
	EndGlobalSection
	GlobalSection(ProjectConfigurationPlatforms) = postSolution
		{FB585171-5160-406C-BAF1-FF268DF7725A}.Debug|Any CPU.ActiveCfg = Debug|Any CPU
		{FB585171-5160-406C-BAF1-FF268DF7725A}.Debug|Any CPU.Build.0 = Debug|Any CPU
		{FB585171-5160-406C-BAF1-FF268DF7725A}.Release|Any CPU.ActiveCfg = Release|Any CPU
		{FB585171-5160-406C-BAF1-FF268DF7725A}.Release|Any CPU.Build.0 = Release|Any CPU
	EndGlobalSection
	GlobalSection(SolutionProperties) = preSolution
		HideSolutionNode = FALSE
	EndGlobalSection
	GlobalSection(ExtensibilityGlobals) = postSolution
		SolutionGuid = {B6638AD2-E7F6-4E87-92F7-918EA80220BC}
	EndGlobalSection
EndGlobal
